// !$*UTF8*$!
{
	archiveVersion = 1;
	classes = {
	};
	objectVersion = 56;
	objects = {

/* Begin PBXBuildFile section */
		D22D3BF728E3445A00CCBE9D /* TransportViewController.swift in Sources */ = {isa = PBXBuildFile; fileRef = D22D3BF628E3445A00CCBE9D /* TransportViewController.swift */; };
		D22D3BF928E34A4000CCBE9D /* ShoppingViewController.swift in Sources */ = {isa = PBXBuildFile; fileRef = D22D3BF828E34A4000CCBE9D /* ShoppingViewController.swift */; };
		D22D3BFB28E34E5700CCBE9D /* RecreationViewController.swift in Sources */ = {isa = PBXBuildFile; fileRef = D22D3BFA28E34E5700CCBE9D /* RecreationViewController.swift */; };
		D22D3BFD28E385AD00CCBE9D /* ResultsViewController.swift in Sources */ = {isa = PBXBuildFile; fileRef = D22D3BFC28E385AD00CCBE9D /* ResultsViewController.swift */; };
		D27C9AFD28DB737B00B0D9AF /* data.json in Resources */ = {isa = PBXBuildFile; fileRef = D27C9AFC28DB737B00B0D9AF /* data.json */; };
		D29E372928DA555500541716 /* AppDelegate.swift in Sources */ = {isa = PBXBuildFile; fileRef = D29E372828DA555500541716 /* AppDelegate.swift */; };
		D29E372B28DA555500541716 /* SceneDelegate.swift in Sources */ = {isa = PBXBuildFile; fileRef = D29E372A28DA555500541716 /* SceneDelegate.swift */; };
		D29E372D28DA555500541716 /* FlyingViewController.swift in Sources */ = {isa = PBXBuildFile; fileRef = D29E372C28DA555500541716 /* FlyingViewController.swift */; };
		D29E373228DA555600541716 /* Assets.xcassets in Resources */ = {isa = PBXBuildFile; fileRef = D29E373128DA555600541716 /* Assets.xcassets */; };
		D29E373528DA555600541716 /* LaunchScreen.storyboard in Resources */ = {isa = PBXBuildFile; fileRef = D29E373328DA555600541716 /* LaunchScreen.storyboard */; };
		D2A6D71F28DBB07600483560 /* calculationEngine.swift in Sources */ = {isa = PBXBuildFile; fileRef = D2A6D71E28DBB07600483560 /* calculationEngine.swift */; };
		D2ED391D28E0E5D9007DBC10 /* LivingViewController.swift in Sources */ = {isa = PBXBuildFile; fileRef = D2ED391B28E0E5D9007DBC10 /* LivingViewController.swift */; };
		D2ED392428E0EF43007DBC10 /* Main.storyboard in Resources */ = {isa = PBXBuildFile; fileRef = D2ED392328E0EF43007DBC10 /* Main.storyboard */; };
		D2ED393028E0FF5C007DBC10 /* EatingViewController.swift in Sources */ = {isa = PBXBuildFile; fileRef = D2ED392F28E0FF5C007DBC10 /* EatingViewController.swift */; };
/* End PBXBuildFile section */

/* Begin PBXFileReference section */
		D22D3BF628E3445A00CCBE9D /* TransportViewController.swift */ = {isa = PBXFileReference; lastKnownFileType = sourcecode.swift; path = TransportViewController.swift; sourceTree = "<group>"; };
		D22D3BF828E34A4000CCBE9D /* ShoppingViewController.swift */ = {isa = PBXFileReference; lastKnownFileType = sourcecode.swift; path = ShoppingViewController.swift; sourceTree = "<group>"; };
		D22D3BFA28E34E5700CCBE9D /* RecreationViewController.swift */ = {isa = PBXFileReference; lastKnownFileType = sourcecode.swift; path = RecreationViewController.swift; sourceTree = "<group>"; };
		D22D3BFC28E385AD00CCBE9D /* ResultsViewController.swift */ = {isa = PBXFileReference; lastKnownFileType = sourcecode.swift; path = ResultsViewController.swift; sourceTree = "<group>"; };
		D27C9AFC28DB737B00B0D9AF /* data.json */ = {isa = PBXFileReference; lastKnownFileType = text.json; path = data.json; sourceTree = "<group>"; };
		D29E372528DA555500541716 /* Carbon Footprint.app */ = {isa = PBXFileReference; explicitFileType = wrapper.application; includeInIndex = 0; path = "Carbon Footprint.app"; sourceTree = BUILT_PRODUCTS_DIR; };
		D29E372828DA555500541716 /* AppDelegate.swift */ = {isa = PBXFileReference; lastKnownFileType = sourcecode.swift; path = AppDelegate.swift; sourceTree = "<group>"; };
		D29E372A28DA555500541716 /* SceneDelegate.swift */ = {isa = PBXFileReference; lastKnownFileType = sourcecode.swift; path = SceneDelegate.swift; sourceTree = "<group>"; };
		D29E372C28DA555500541716 /* FlyingViewController.swift */ = {isa = PBXFileReference; lastKnownFileType = sourcecode.swift; path = FlyingViewController.swift; sourceTree = "<group>"; };
		D29E373128DA555600541716 /* Assets.xcassets */ = {isa = PBXFileReference; lastKnownFileType = folder.assetcatalog; path = Assets.xcassets; sourceTree = "<group>"; };
		D29E373428DA555600541716 /* Base */ = {isa = PBXFileReference; lastKnownFileType = file.storyboard; name = Base; path = Base.lproj/LaunchScreen.storyboard; sourceTree = "<group>"; };
		D29E373628DA555600541716 /* Info.plist */ = {isa = PBXFileReference; lastKnownFileType = text.plist.xml; path = Info.plist; sourceTree = "<group>"; };
		D2A6D71E28DBB07600483560 /* calculationEngine.swift */ = {isa = PBXFileReference; lastKnownFileType = sourcecode.swift; path = calculationEngine.swift; sourceTree = "<group>"; };
		D2ED391B28E0E5D9007DBC10 /* LivingViewController.swift */ = {isa = PBXFileReference; lastKnownFileType = sourcecode.swift; path = LivingViewController.swift; sourceTree = "<group>"; };
		D2ED392328E0EF43007DBC10 /* Main.storyboard */ = {isa = PBXFileReference; lastKnownFileType = file.storyboard; path = Main.storyboard; sourceTree = "<group>"; };
		D2ED392F28E0FF5C007DBC10 /* EatingViewController.swift */ = {isa = PBXFileReference; lastKnownFileType = sourcecode.swift; path = EatingViewController.swift; sourceTree = "<group>"; };
/* End PBXFileReference section */

/* Begin PBXFrameworksBuildPhase section */
		D29E372228DA555500541716 /* Frameworks */ = {
			isa = PBXFrameworksBuildPhase;
			buildActionMask = 2147483647;
			files = (
			);
			runOnlyForDeploymentPostprocessing = 0;
		};
/* End PBXFrameworksBuildPhase section */

/* Begin PBXGroup section */
		D29E371C28DA555500541716 = {
			isa = PBXGroup;
			children = (
				D29E372728DA555500541716 /* Carbon Footprint */,
				D29E372628DA555500541716 /* Products */,
			);
			sourceTree = "<group>";
		};
		D29E372628DA555500541716 /* Products */ = {
			isa = PBXGroup;
			children = (
				D29E372528DA555500541716 /* Carbon Footprint.app */,
			);
			name = Products;
			sourceTree = "<group>";
		};
		D29E372728DA555500541716 /* Carbon Footprint */ = {
			isa = PBXGroup;
			children = (
				D29E372828DA555500541716 /* AppDelegate.swift */,
				D29E372A28DA555500541716 /* SceneDelegate.swift */,
				D2ED391828E0E571007DBC10 /* Views */,
				D2ED391A28E0E5BF007DBC10 /* Controllers */,
				D2ED391928E0E5A6007DBC10 /* Models */,
				D27C9AFC28DB737B00B0D9AF /* data.json */,
				D29E373128DA555600541716 /* Assets.xcassets */,
				D29E373328DA555600541716 /* LaunchScreen.storyboard */,
				D29E373628DA555600541716 /* Info.plist */,
			);
			path = "Carbon Footprint";
			sourceTree = "<group>";
		};
		D2ED391828E0E571007DBC10 /* Views */ = {
			isa = PBXGroup;
			children = (
				D2ED392328E0EF43007DBC10 /* Main.storyboard */,
			);
			path = Views;
			sourceTree = "<group>";
		};
		D2ED391928E0E5A6007DBC10 /* Models */ = {
			isa = PBXGroup;
			children = (
				D2A6D71E28DBB07600483560 /* calculationEngine.swift */,
			);
			path = Models;
			sourceTree = "<group>";
		};
		D2ED391A28E0E5BF007DBC10 /* Controllers */ = {
			isa = PBXGroup;
			children = (
				D2ED391B28E0E5D9007DBC10 /* LivingViewController.swift */,
				D2ED392F28E0FF5C007DBC10 /* EatingViewController.swift */,
				D29E372C28DA555500541716 /* FlyingViewController.swift */,
				D22D3BF628E3445A00CCBE9D /* TransportViewController.swift */,
				D22D3BF828E34A4000CCBE9D /* ShoppingViewController.swift */,
				D22D3BFA28E34E5700CCBE9D /* RecreationViewController.swift */,
				D22D3BFC28E385AD00CCBE9D /* ResultsViewController.swift */,
			);
			path = Controllers;
			sourceTree = "<group>";
		};
/* End PBXGroup section */

/* Begin PBXNativeTarget section */
		D29E372428DA555500541716 /* Carbon Footprint */ = {
			isa = PBXNativeTarget;
			buildConfigurationList = D29E373928DA555600541716 /* Build configuration list for PBXNativeTarget "Carbon Footprint" */;
			buildPhases = (
				D29E372128DA555500541716 /* Sources */,
				D29E372228DA555500541716 /* Frameworks */,
				D29E372328DA555500541716 /* Resources */,
			);
			buildRules = (
			);
			dependencies = (
			);
			name = "Carbon Footprint";
			productName = "Carbon Footprint";
			productReference = D29E372528DA555500541716 /* Carbon Footprint.app */;
			productType = "com.apple.product-type.application";
		};
/* End PBXNativeTarget section */

/* Begin PBXProject section */
		D29E371D28DA555500541716 /* Project object */ = {
			isa = PBXProject;
			attributes = {
				BuildIndependentTargetsInParallel = 1;
				LastSwiftUpdateCheck = 1400;
				LastUpgradeCheck = 1400;
				TargetAttributes = {
					D29E372428DA555500541716 = {
						CreatedOnToolsVersion = 14.0;
					};
				};
			};
			buildConfigurationList = D29E372028DA555500541716 /* Build configuration list for PBXProject "Carbon Footprint" */;
			compatibilityVersion = "Xcode 14.0";
			developmentRegion = en;
			hasScannedForEncodings = 0;
			knownRegions = (
				en,
				Base,
			);
			mainGroup = D29E371C28DA555500541716;
			productRefGroup = D29E372628DA555500541716 /* Products */;
			projectDirPath = "";
			projectRoot = "";
			targets = (
				D29E372428DA555500541716 /* Carbon Footprint */,
			);
		};
/* End PBXProject section */

/* Begin PBXResourcesBuildPhase section */
		D29E372328DA555500541716 /* Resources */ = {
			isa = PBXResourcesBuildPhase;
			buildActionMask = 2147483647;
			files = (
				D29E373528DA555600541716 /* LaunchScreen.storyboard in Resources */,
				D2ED392428E0EF43007DBC10 /* Main.storyboard in Resources */,
				D29E373228DA555600541716 /* Assets.xcassets in Resources */,
				D27C9AFD28DB737B00B0D9AF /* data.json in Resources */,
			);
			runOnlyForDeploymentPostprocessing = 0;
		};
/* End PBXResourcesBuildPhase section */

/* Begin PBXSourcesBuildPhase section */
		D29E372128DA555500541716 /* Sources */ = {
			isa = PBXSourcesBuildPhase;
			buildActionMask = 2147483647;
			files = (
				D2ED393028E0FF5C007DBC10 /* EatingViewController.swift in Sources */,
				D29E372D28DA555500541716 /* FlyingViewController.swift in Sources */,
				D29E372928DA555500541716 /* AppDelegate.swift in Sources */,
				D22D3BFD28E385AD00CCBE9D /* ResultsViewController.swift in Sources */,
				D22D3BFB28E34E5700CCBE9D /* RecreationViewController.swift in Sources */,
				D2ED391D28E0E5D9007DBC10 /* LivingViewController.swift in Sources */,
				D22D3BF728E3445A00CCBE9D /* TransportViewController.swift in Sources */,
				D29E372B28DA555500541716 /* SceneDelegate.swift in Sources */,
				D22D3BF928E34A4000CCBE9D /* ShoppingViewController.swift in Sources */,
				D2A6D71F28DBB07600483560 /* calculationEngine.swift in Sources */,
			);
			runOnlyForDeploymentPostprocessing = 0;
		};
/* End PBXSourcesBuildPhase section */

/* Begin PBXVariantGroup section */
		D29E373328DA555600541716 /* LaunchScreen.storyboard */ = {
			isa = PBXVariantGroup;
			children = (
				D29E373428DA555600541716 /* Base */,
			);
			name = LaunchScreen.storyboard;
			sourceTree = "<group>";
		};
/* End PBXVariantGroup section */

/* Begin XCBuildConfiguration section */
		D29E373728DA555600541716 /* Debug */ = {
			isa = XCBuildConfiguration;
			buildSettings = {
				ALWAYS_SEARCH_USER_PATHS = NO;
				CLANG_ANALYZER_NONNULL = YES;
				CLANG_ANALYZER_NUMBER_OBJECT_CONVERSION = YES_AGGRESSIVE;
				CLANG_CXX_LANGUAGE_STANDARD = "gnu++20";
				CLANG_ENABLE_MODULES = YES;
				CLANG_ENABLE_OBJC_ARC = YES;
				CLANG_ENABLE_OBJC_WEAK = YES;
				CLANG_WARN_BLOCK_CAPTURE_AUTORELEASING = YES;
				CLANG_WARN_BOOL_CONVERSION = YES;
				CLANG_WARN_COMMA = YES;
				CLANG_WARN_CONSTANT_CONVERSION = YES;
				CLANG_WARN_DEPRECATED_OBJC_IMPLEMENTATIONS = YES;
				CLANG_WARN_DIRECT_OBJC_ISA_USAGE = YES_ERROR;
				CLANG_WARN_DOCUMENTATION_COMMENTS = YES;
				CLANG_WARN_EMPTY_BODY = YES;
				CLANG_WARN_ENUM_CONVERSION = YES;
				CLANG_WARN_INFINITE_RECURSION = YES;
				CLANG_WARN_INT_CONVERSION = YES;
				CLANG_WARN_NON_LITERAL_NULL_CONVERSION = YES;
				CLANG_WARN_OBJC_IMPLICIT_RETAIN_SELF = YES;
				CLANG_WARN_OBJC_LITERAL_CONVERSION = YES;
				CLANG_WARN_OBJC_ROOT_CLASS = YES_ERROR;
				CLANG_WARN_QUOTED_INCLUDE_IN_FRAMEWORK_HEADER = YES;
				CLANG_WARN_RANGE_LOOP_ANALYSIS = YES;
				CLANG_WARN_STRICT_PROTOTYPES = YES;
				CLANG_WARN_SUSPICIOUS_MOVE = YES;
				CLANG_WARN_UNGUARDED_AVAILABILITY = YES_AGGRESSIVE;
				CLANG_WARN_UNREACHABLE_CODE = YES;
				CLANG_WARN__DUPLICATE_METHOD_MATCH = YES;
				COPY_PHASE_STRIP = NO;
				DEBUG_INFORMATION_FORMAT = dwarf;
				ENABLE_STRICT_OBJC_MSGSEND = YES;
				ENABLE_TESTABILITY = YES;
				GCC_C_LANGUAGE_STANDARD = gnu11;
				GCC_DYNAMIC_NO_PIC = NO;
				GCC_NO_COMMON_BLOCKS = YES;
				GCC_OPTIMIZATION_LEVEL = 0;
				GCC_PREPROCESSOR_DEFINITIONS = (
					"DEBUG=1",
					"$(inherited)",
				);
				GCC_WARN_64_TO_32_BIT_CONVERSION = YES;
				GCC_WARN_ABOUT_RETURN_TYPE = YES_ERROR;
				GCC_WARN_UNDECLARED_SELECTOR = YES;
				GCC_WARN_UNINITIALIZED_AUTOS = YES_AGGRESSIVE;
				GCC_WARN_UNUSED_FUNCTION = YES;
				GCC_WARN_UNUSED_VARIABLE = YES;
				IPHONEOS_DEPLOYMENT_TARGET = 15.0;
				MTL_ENABLE_DEBUG_INFO = INCLUDE_SOURCE;
				MTL_FAST_MATH = YES;
				ONLY_ACTIVE_ARCH = YES;
				SDKROOT = iphoneos;
				SWIFT_ACTIVE_COMPILATION_CONDITIONS = DEBUG;
				SWIFT_OPTIMIZATION_LEVEL = "-Onone";
			};
			name = Debug;
		};
		D29E373828DA555600541716 /* Release */ = {
			isa = XCBuildConfiguration;
			buildSettings = {
				ALWAYS_SEARCH_USER_PATHS = NO;
				CLANG_ANALYZER_NONNULL = YES;
				CLANG_ANALYZER_NUMBER_OBJECT_CONVERSION = YES_AGGRESSIVE;
				CLANG_CXX_LANGUAGE_STANDARD = "gnu++20";
				CLANG_ENABLE_MODULES = YES;
				CLANG_ENABLE_OBJC_ARC = YES;
				CLANG_ENABLE_OBJC_WEAK = YES;
				CLANG_WARN_BLOCK_CAPTURE_AUTORELEASING = YES;
				CLANG_WARN_BOOL_CONVERSION = YES;
				CLANG_WARN_COMMA = YES;
				CLANG_WARN_CONSTANT_CONVERSION = YES;
				CLANG_WARN_DEPRECATED_OBJC_IMPLEMENTATIONS = YES;
				CLANG_WARN_DIRECT_OBJC_ISA_USAGE = YES_ERROR;
				CLANG_WARN_DOCUMENTATION_COMMENTS = YES;
				CLANG_WARN_EMPTY_BODY = YES;
				CLANG_WARN_ENUM_CONVERSION = YES;
				CLANG_WARN_INFINITE_RECURSION = YES;
				CLANG_WARN_INT_CONVERSION = YES;
				CLANG_WARN_NON_LITERAL_NULL_CONVERSION = YES;
				CLANG_WARN_OBJC_IMPLICIT_RETAIN_SELF = YES;
				CLANG_WARN_OBJC_LITERAL_CONVERSION = YES;
				CLANG_WARN_OBJC_ROOT_CLASS = YES_ERROR;
				CLANG_WARN_QUOTED_INCLUDE_IN_FRAMEWORK_HEADER = YES;
				CLANG_WARN_RANGE_LOOP_ANALYSIS = YES;
				CLANG_WARN_STRICT_PROTOTYPES = YES;
				CLANG_WARN_SUSPICIOUS_MOVE = YES;
				CLANG_WARN_UNGUARDED_AVAILABILITY = YES_AGGRESSIVE;
				CLANG_WARN_UNREACHABLE_CODE = YES;
				CLANG_WARN__DUPLICATE_METHOD_MATCH = YES;
				COPY_PHASE_STRIP = NO;
				DEBUG_INFORMATION_FORMAT = "dwarf-with-dsym";
				ENABLE_NS_ASSERTIONS = NO;
				ENABLE_STRICT_OBJC_MSGSEND = YES;
				GCC_C_LANGUAGE_STANDARD = gnu11;
				GCC_NO_COMMON_BLOCKS = YES;
				GCC_WARN_64_TO_32_BIT_CONVERSION = YES;
				GCC_WARN_ABOUT_RETURN_TYPE = YES_ERROR;
				GCC_WARN_UNDECLARED_SELECTOR = YES;
				GCC_WARN_UNINITIALIZED_AUTOS = YES_AGGRESSIVE;
				GCC_WARN_UNUSED_FUNCTION = YES;
				GCC_WARN_UNUSED_VARIABLE = YES;
				IPHONEOS_DEPLOYMENT_TARGET = 15.0;
				MTL_ENABLE_DEBUG_INFO = NO;
				MTL_FAST_MATH = YES;
				SDKROOT = iphoneos;
				SWIFT_COMPILATION_MODE = wholemodule;
				SWIFT_OPTIMIZATION_LEVEL = "-O";
				VALIDATE_PRODUCT = YES;
			};
			name = Release;
		};
		D29E373A28DA555600541716 /* Debug */ = {
			isa = XCBuildConfiguration;
			buildSettings = {
				ASSETCATALOG_COMPILER_APPICON_NAME = AppIcon;
				ASSETCATALOG_COMPILER_GLOBAL_ACCENT_COLOR_NAME = AccentColor;
				CODE_SIGN_STYLE = Automatic;
				CURRENT_PROJECT_VERSION = 1;
				DEVELOPMENT_TEAM = LX74VW3M27;
				GENERATE_INFOPLIST_FILE = YES;
				INFOPLIST_FILE = "Carbon Footprint/Info.plist";
				INFOPLIST_KEY_CFBundleDisplayName = "Carbon Footprint";
				INFOPLIST_KEY_LSApplicationCategoryType = "public.app-category.education";
				INFOPLIST_KEY_UIApplicationSupportsIndirectInputEvents = YES;
				INFOPLIST_KEY_UILaunchStoryboardName = LaunchScreen.storyboard;
				INFOPLIST_KEY_UIStatusBarStyle = "";
				INFOPLIST_KEY_UISupportedInterfaceOrientations = UIInterfaceOrientationPortrait;
				IPHONEOS_DEPLOYMENT_TARGET = 15.0;
				LD_RUNPATH_SEARCH_PATHS = (
					"$(inherited)",
					"@executable_path/Frameworks",
				);
				MARKETING_VERSION = 1.0;
				PRODUCT_BUNDLE_IDENTIFIER = org.weirdapps.CarbonFootprint;
				PRODUCT_NAME = "$(TARGET_NAME)";
				SWIFT_EMIT_LOC_STRINGS = YES;
				SWIFT_VERSION = 5.0;
				TARGETED_DEVICE_FAMILY = "1,2";
			};
			name = Debug;
		};
		D29E373B28DA555600541716 /* Release */ = {
			isa = XCBuildConfiguration;
			buildSettings = {
				ASSETCATALOG_COMPILER_APPICON_NAME = AppIcon;
				ASSETCATALOG_COMPILER_GLOBAL_ACCENT_COLOR_NAME = AccentColor;
				CODE_SIGN_STYLE = Automatic;
				CURRENT_PROJECT_VERSION = 1;
				DEVELOPMENT_TEAM = LX74VW3M27;
				GENERATE_INFOPLIST_FILE = YES;
				INFOPLIST_FILE = "Carbon Footprint/Info.plist";
				INFOPLIST_KEY_CFBundleDisplayName = "Carbon Footprint";
				INFOPLIST_KEY_LSApplicationCategoryType = "public.app-category.education";
				INFOPLIST_KEY_UIApplicationSupportsIndirectInputEvents = YES;
				INFOPLIST_KEY_UILaunchStoryboardName = LaunchScreen.storyboard;
				INFOPLIST_KEY_UIStatusBarStyle = "";
				INFOPLIST_KEY_UISupportedInterfaceOrientations = UIInterfaceOrientationPortrait;
				IPHONEOS_DEPLOYMENT_TARGET = 15.0;
				LD_RUNPATH_SEARCH_PATHS = (
					"$(inherited)",
					"@executable_path/Frameworks",
				);
				MARKETING_VERSION = 1.0;
				PRODUCT_BUNDLE_IDENTIFIER = org.weirdapps.CarbonFootprint;
				PRODUCT_NAME = "$(TARGET_NAME)";
				SWIFT_EMIT_LOC_STRINGS = YES;
				SWIFT_VERSION = 5.0;
				TARGETED_DEVICE_FAMILY = "1,2";
			};
			name = Release;
		};
/* End XCBuildConfiguration section */

/* Begin XCConfigurationList section */
		D29E372028DA555500541716 /* Build configuration list for PBXProject "Carbon Footprint" */ = {
			isa = XCConfigurationList;
			buildConfigurations = (
				D29E373728DA555600541716 /* Debug */,
				D29E373828DA555600541716 /* Release */,
			);
			defaultConfigurationIsVisible = 0;
			defaultConfigurationName = Release;
		};
		D29E373928DA555600541716 /* Build configuration list for PBXNativeTarget "Carbon Footprint" */ = {
			isa = XCConfigurationList;
			buildConfigurations = (
				D29E373A28DA555600541716 /* Debug */,
				D29E373B28DA555600541716 /* Release */,
			);
			defaultConfigurationIsVisible = 0;
			defaultConfigurationName = Release;
		};
/* End XCConfigurationList section */
	};
	rootObject = D29E371D28DA555500541716 /* Project object */;
}
